
Microsoft Visual Studio Solution File, Format Version 12.00
# Visual Studio Version 16
VisualStudioVersion = 16.0.29319.158
MinimumVisualStudioVersion = 10.0.40219.1
Project("{9A19103F-16F7-4668-BE54-9A1E7A4F7556}") = "SW.CqApi", "SW.CqApi\SW.CqApi.csproj", "{8DBDABB8-1AC9-4014-BC1A-ACE75A249E7D}"
EndProject
Project("{9A19103F-16F7-4668-BE54-9A1E7A4F7556}") = "SW.CqApi.SampleModel", "SW.CqApi.SampleModel\SW.CqApi.SampleModel.csproj", "{502AB1F5-192E-47AD-9385-CF2904F0D7F5}"
EndProject
Project("{9A19103F-16F7-4668-BE54-9A1E7A4F7556}") = "SW.CqApi.SampleWeb", "SW.CqApi.SampleWeb\SW.CqApi.SampleWeb.csproj", "{4EB1F302-65F3-4A7E-AE21-69A22DA5C5D3}"
EndProject
Project("{FAE04EC0-301F-11D3-BF4B-00C04F79EFBC}") = "SW.CqApi.Client", "SW.CqApi.Client\SW.CqApi.Client.csproj", "{8A7DCC02-A542-49B3-A0B8-2C492656621D}"
EndProject
Project("{9A19103F-16F7-4668-BE54-9A1E7A4F7556}") = "SW.CqApi.UnitTests", "SW.CqApi.UnitTests\SW.CqApi.UnitTests.csproj", "{D5D41333-7941-4290-B05F-71B84B295083}"
EndProject
Global
	GlobalSection(SolutionConfigurationPlatforms) = preSolution
		Debug|Any CPU = Debug|Any CPU
		Release|Any CPU = Release|Any CPU
	EndGlobalSection
	GlobalSection(ProjectConfigurationPlatforms) = postSolution
		{8DBDABB8-1AC9-4014-BC1A-ACE75A249E7D}.Debug|Any CPU.ActiveCfg = Debug|Any CPU
		{8DBDABB8-1AC9-4014-BC1A-ACE75A249E7D}.Debug|Any CPU.Build.0 = Debug|Any CPU
		{8DBDABB8-1AC9-4014-BC1A-ACE75A249E7D}.Release|Any CPU.ActiveCfg = Release|Any CPU
		{8DBDABB8-1AC9-4014-BC1A-ACE75A249E7D}.Release|Any CPU.Build.0 = Release|Any CPU
		{502AB1F5-192E-47AD-9385-CF2904F0D7F5}.Debug|Any CPU.ActiveCfg = Debug|Any CPU
		{502AB1F5-192E-47AD-9385-CF2904F0D7F5}.Debug|Any CPU.Build.0 = Debug|Any CPU
		{502AB1F5-192E-47AD-9385-CF2904F0D7F5}.Release|Any CPU.ActiveCfg = Release|Any CPU
		{502AB1F5-192E-47AD-9385-CF2904F0D7F5}.Release|Any CPU.Build.0 = Release|Any CPU
		{4EB1F302-65F3-4A7E-AE21-69A22DA5C5D3}.Debug|Any CPU.ActiveCfg = Debug|Any CPU
		{4EB1F302-65F3-4A7E-AE21-69A22DA5C5D3}.Debug|Any CPU.Build.0 = Debug|Any CPU
		{4EB1F302-65F3-4A7E-AE21-69A22DA5C5D3}.Release|Any CPU.ActiveCfg = Release|Any CPU
		{4EB1F302-65F3-4A7E-AE21-69A22DA5C5D3}.Release|Any CPU.Build.0 = Release|Any CPU
		{8A7DCC02-A542-49B3-A0B8-2C492656621D}.Debug|Any CPU.ActiveCfg = Debug|Any CPU
		{8A7DCC02-A542-49B3-A0B8-2C492656621D}.Debug|Any CPU.Build.0 = Debug|Any CPU
		{8A7DCC02-A542-49B3-A0B8-2C492656621D}.Release|Any CPU.ActiveCfg = Release|Any CPU
		{8A7DCC02-A542-49B3-A0B8-2C492656621D}.Release|Any CPU.Build.0 = Release|Any CPU
		{D5D41333-7941-4290-B05F-71B84B295083}.Debug|Any CPU.ActiveCfg = Debug|Any CPU
		{D5D41333-7941-4290-B05F-71B84B295083}.Debug|Any CPU.Build.0 = Debug|Any CPU
		{D5D41333-7941-4290-B05F-71B84B295083}.Release|Any CPU.ActiveCfg = Release|Any CPU
		{D5D41333-7941-4290-B05F-71B84B295083}.Release|Any CPU.Build.0 = Release|Any CPU
	EndGlobalSection
	GlobalSection(SolutionProperties) = preSolution
		HideSolutionNode = FALSE
	EndGlobalSection
	GlobalSection(ExtensibilityGlobals) = postSolution
		SolutionGuid = {1579443C-6358-4761-92E6-6FD5D1DDDDF8}
	EndGlobalSection
EndGlobal
